// !$*UTF8*$!
{
	archiveVersion = 1;
	classes = {
	};
	objectVersion = 55;
	objects = {

/* Begin PBXBuildFile section */
		18F881DF283CDB2E002FEAA8 /* AppDelegate.swift in Sources */ = {isa = PBXBuildFile; fileRef = 18F881DE283CDB2E002FEAA8 /* AppDelegate.swift */; };
		18F881E1283CDB2E002FEAA8 /* SceneDelegate.swift in Sources */ = {isa = PBXBuildFile; fileRef = 18F881E0283CDB2E002FEAA8 /* SceneDelegate.swift */; };
		18F881E3283CDB2E002FEAA8 /* ViewController.swift in Sources */ = {isa = PBXBuildFile; fileRef = 18F881E2283CDB2E002FEAA8 /* ViewController.swift */; };
		18F881E6283CDB2E002FEAA8 /* Main.storyboard in Resources */ = {isa = PBXBuildFile; fileRef = 18F881E4283CDB2E002FEAA8 /* Main.storyboard */; };
		18F881E9283CDB2F002FEAA8 /* DemoCustomFrameworkProject.xcdatamodeld in Sources */ = {isa = PBXBuildFile; fileRef = 18F881E7283CDB2F002FEAA8 /* DemoCustomFrameworkProject.xcdatamodeld */; };
		18F881EB283CDB32002FEAA8 /* Assets.xcassets in Resources */ = {isa = PBXBuildFile; fileRef = 18F881EA283CDB32002FEAA8 /* Assets.xcassets */; };
		18F881EE283CDB32002FEAA8 /* LaunchScreen.storyboard in Resources */ = {isa = PBXBuildFile; fileRef = 18F881EC283CDB32002FEAA8 /* LaunchScreen.storyboard */; };
		18F881F9283CDB33002FEAA8 /* DemoCustomFrameworkProjectTests.swift in Sources */ = {isa = PBXBuildFile; fileRef = 18F881F8283CDB33002FEAA8 /* DemoCustomFrameworkProjectTests.swift */; };
		18F88203283CDB33002FEAA8 /* DemoCustomFrameworkProjectUITests.swift in Sources */ = {isa = PBXBuildFile; fileRef = 18F88202283CDB33002FEAA8 /* DemoCustomFrameworkProjectUITests.swift */; };
		18F88205283CDB33002FEAA8 /* DemoCustomFrameworkProjectUITestsLaunchTests.swift in Sources */ = {isa = PBXBuildFile; fileRef = 18F88204283CDB33002FEAA8 /* DemoCustomFrameworkProjectUITestsLaunchTests.swift */; };
/* End PBXBuildFile section */

/* Begin PBXContainerItemProxy section */
		18F881F5283CDB33002FEAA8 /* PBXContainerItemProxy */ = {
			isa = PBXContainerItemProxy;
			containerPortal = 18F881D3283CDB2E002FEAA8 /* Project object */;
			proxyType = 1;
			remoteGlobalIDString = 18F881DA283CDB2E002FEAA8;
			remoteInfo = DemoCustomFrameworkProject;
		};
		18F881FF283CDB33002FEAA8 /* PBXContainerItemProxy */ = {
			isa = PBXContainerItemProxy;
			containerPortal = 18F881D3283CDB2E002FEAA8 /* Project object */;
			proxyType = 1;
			remoteGlobalIDString = 18F881DA283CDB2E002FEAA8;
			remoteInfo = DemoCustomFrameworkProject;
		};
/* End PBXContainerItemProxy section */

/* Begin PBXFileReference section */
		18F881DB283CDB2E002FEAA8 /* DemoCustomFrameworkProject.app */ = {isa = PBXFileReference; explicitFileType = wrapper.application; includeInIndex = 0; path = DemoCustomFrameworkProject.app; sourceTree = BUILT_PRODUCTS_DIR; };
		18F881DE283CDB2E002FEAA8 /* AppDelegate.swift */ = {isa = PBXFileReference; lastKnownFileType = sourcecode.swift; path = AppDelegate.swift; sourceTree = "<group>"; };
		18F881E0283CDB2E002FEAA8 /* SceneDelegate.swift */ = {isa = PBXFileReference; lastKnownFileType = sourcecode.swift; path = SceneDelegate.swift; sourceTree = "<group>"; };
		18F881E2283CDB2E002FEAA8 /* ViewController.swift */ = {isa = PBXFileReference; lastKnownFileType = sourcecode.swift; path = ViewController.swift; sourceTree = "<group>"; };
		18F881E5283CDB2E002FEAA8 /* Base */ = {isa = PBXFileReference; lastKnownFileType = file.storyboard; name = Base; path = Base.lproj/Main.storyboard; sourceTree = "<group>"; };
		18F881E8283CDB2F002FEAA8 /* DemoCustomFrameworkProject.xcdatamodel */ = {isa = PBXFileReference; lastKnownFileType = wrapper.xcdatamodel; path = DemoCustomFrameworkProject.xcdatamodel; sourceTree = "<group>"; };
		18F881EA283CDB32002FEAA8 /* Assets.xcassets */ = {isa = PBXFileReference; lastKnownFileType = folder.assetcatalog; path = Assets.xcassets; sourceTree = "<group>"; };
		18F881ED283CDB32002FEAA8 /* Base */ = {isa = PBXFileReference; lastKnownFileType = file.storyboard; name = Base; path = Base.lproj/LaunchScreen.storyboard; sourceTree = "<group>"; };
		18F881EF283CDB32002FEAA8 /* Info.plist */ = {isa = PBXFileReference; lastKnownFileType = text.plist.xml; path = Info.plist; sourceTree = "<group>"; };
		18F881F4283CDB33002FEAA8 /* DemoCustomFrameworkProjectTests.xctest */ = {isa = PBXFileReference; explicitFileType = wrapper.cfbundle; includeInIndex = 0; path = DemoCustomFrameworkProjectTests.xctest; sourceTree = BUILT_PRODUCTS_DIR; };
		18F881F8283CDB33002FEAA8 /* DemoCustomFrameworkProjectTests.swift */ = {isa = PBXFileReference; lastKnownFileType = sourcecode.swift; path = DemoCustomFrameworkProjectTests.swift; sourceTree = "<group>"; };
		18F881FE283CDB33002FEAA8 /* DemoCustomFrameworkProjectUITests.xctest */ = {isa = PBXFileReference; explicitFileType = wrapper.cfbundle; includeInIndex = 0; path = DemoCustomFrameworkProjectUITests.xctest; sourceTree = BUILT_PRODUCTS_DIR; };
		18F88202283CDB33002FEAA8 /* DemoCustomFrameworkProjectUITests.swift */ = {isa = PBXFileReference; lastKnownFileType = sourcecode.swift; path = DemoCustomFrameworkProjectUITests.swift; sourceTree = "<group>"; };
		18F88204283CDB33002FEAA8 /* DemoCustomFrameworkProjectUITestsLaunchTests.swift */ = {isa = PBXFileReference; lastKnownFileType = sourcecode.swift; path = DemoCustomFrameworkProjectUITestsLaunchTests.swift; sourceTree = "<group>"; };
/* End PBXFileReference section */

/* Begin PBXFrameworksBuildPhase section */
		18F881D8283CDB2E002FEAA8 /* Frameworks */ = {
			isa = PBXFrameworksBuildPhase;
			buildActionMask = 2147483647;
			files = (
			);
			runOnlyForDeploymentPostprocessing = 0;
		};
		18F881F1283CDB33002FEAA8 /* Frameworks */ = {
			isa = PBXFrameworksBuildPhase;
			buildActionMask = 2147483647;
			files = (
			);
			runOnlyForDeploymentPostprocessing = 0;
		};
		18F881FB283CDB33002FEAA8 /* Frameworks */ = {
			isa = PBXFrameworksBuildPhase;
			buildActionMask = 2147483647;
			files = (
			);
			runOnlyForDeploymentPostprocessing = 0;
		};
/* End PBXFrameworksBuildPhase section */

/* Begin PBXGroup section */
		18F881D2283CDB2E002FEAA8 = {
			isa = PBXGroup;
			children = (
				18F881DD283CDB2E002FEAA8 /* DemoCustomFrameworkProject */,
				18F881F7283CDB33002FEAA8 /* DemoCustomFrameworkProjectTests */,
				18F88201283CDB33002FEAA8 /* DemoCustomFrameworkProjectUITests */,
				18F881DC283CDB2E002FEAA8 /* Products */,
			);
			sourceTree = "<group>";
		};
		18F881DC283CDB2E002FEAA8 /* Products */ = {
			isa = PBXGroup;
			children = (
				18F881DB283CDB2E002FEAA8 /* DemoCustomFrameworkProject.app */,
				18F881F4283CDB33002FEAA8 /* DemoCustomFrameworkProjectTests.xctest */,
				18F881FE283CDB33002FEAA8 /* DemoCustomFrameworkProjectUITests.xctest */,
			);
			name = Products;
			sourceTree = "<group>";
		};
		18F881DD283CDB2E002FEAA8 /* DemoCustomFrameworkProject */ = {
			isa = PBXGroup;
			children = (
				18F881DE283CDB2E002FEAA8 /* AppDelegate.swift */,
				18F881E0283CDB2E002FEAA8 /* SceneDelegate.swift */,
				18F881E2283CDB2E002FEAA8 /* ViewController.swift */,
				18F881E4283CDB2E002FEAA8 /* Main.storyboard */,
				18F881EA283CDB32002FEAA8 /* Assets.xcassets */,
				18F881EC283CDB32002FEAA8 /* LaunchScreen.storyboard */,
				18F881EF283CDB32002FEAA8 /* Info.plist */,
				18F881E7283CDB2F002FEAA8 /* DemoCustomFrameworkProject.xcdatamodeld */,
			);
			path = DemoCustomFrameworkProject;
			sourceTree = "<group>";
		};
		18F881F7283CDB33002FEAA8 /* DemoCustomFrameworkProjectTests */ = {
			isa = PBXGroup;
			children = (
				18F881F8283CDB33002FEAA8 /* DemoCustomFrameworkProjectTests.swift */,
			);
			path = DemoCustomFrameworkProjectTests;
			sourceTree = "<group>";
		};
		18F88201283CDB33002FEAA8 /* DemoCustomFrameworkProjectUITests */ = {
			isa = PBXGroup;
			children = (
				18F88202283CDB33002FEAA8 /* DemoCustomFrameworkProjectUITests.swift */,
				18F88204283CDB33002FEAA8 /* DemoCustomFrameworkProjectUITestsLaunchTests.swift */,
			);
			path = DemoCustomFrameworkProjectUITests;
			sourceTree = "<group>";
		};
/* End PBXGroup section */

/* Begin PBXNativeTarget section */
		18F881DA283CDB2E002FEAA8 /* DemoCustomFrameworkProject */ = {
			isa = PBXNativeTarget;
			buildConfigurationList = 18F88208283CDB33002FEAA8 /* Build configuration list for PBXNativeTarget "DemoCustomFrameworkProject" */;
			buildPhases = (
				18F881D7283CDB2E002FEAA8 /* Sources */,
				18F881D8283CDB2E002FEAA8 /* Frameworks */,
				18F881D9283CDB2E002FEAA8 /* Resources */,
			);
			buildRules = (
			);
			dependencies = (
			);
			name = DemoCustomFrameworkProject;
			productName = DemoCustomFrameworkProject;
			productReference = 18F881DB283CDB2E002FEAA8 /* DemoCustomFrameworkProject.app */;
			productType = "com.apple.product-type.application";
		};
		18F881F3283CDB33002FEAA8 /* DemoCustomFrameworkProjectTests */ = {
			isa = PBXNativeTarget;
			buildConfigurationList = 18F8820B283CDB33002FEAA8 /* Build configuration list for PBXNativeTarget "DemoCustomFrameworkProjectTests" */;
			buildPhases = (
				18F881F0283CDB33002FEAA8 /* Sources */,
				18F881F1283CDB33002FEAA8 /* Frameworks */,
				18F881F2283CDB33002FEAA8 /* Resources */,
			);
			buildRules = (
			);
			dependencies = (
				18F881F6283CDB33002FEAA8 /* PBXTargetDependency */,
			);
			name = DemoCustomFrameworkProjectTests;
			productName = DemoCustomFrameworkProjectTests;
			productReference = 18F881F4283CDB33002FEAA8 /* DemoCustomFrameworkProjectTests.xctest */;
			productType = "com.apple.product-type.bundle.unit-test";
		};
		18F881FD283CDB33002FEAA8 /* DemoCustomFrameworkProjectUITests */ = {
			isa = PBXNativeTarget;
			buildConfigurationList = 18F8820E283CDB33002FEAA8 /* Build configuration list for PBXNativeTarget "DemoCustomFrameworkProjectUITests" */;
			buildPhases = (
				18F881FA283CDB33002FEAA8 /* Sources */,
				18F881FB283CDB33002FEAA8 /* Frameworks */,
				18F881FC283CDB33002FEAA8 /* Resources */,
			);
			buildRules = (
			);
			dependencies = (
				18F88200283CDB33002FEAA8 /* PBXTargetDependency */,
			);
			name = DemoCustomFrameworkProjectUITests;
			productName = DemoCustomFrameworkProjectUITests;
			productReference = 18F881FE283CDB33002FEAA8 /* DemoCustomFrameworkProjectUITests.xctest */;
			productType = "com.apple.product-type.bundle.ui-testing";
		};
/* End PBXNativeTarget section */

/* Begin PBXProject section */
		18F881D3283CDB2E002FEAA8 /* Project object */ = {
			isa = PBXProject;
			attributes = {
				BuildIndependentTargetsInParallel = 1;
				LastSwiftUpdateCheck = 1330;
				LastUpgradeCheck = 1330;
				TargetAttributes = {
					18F881DA283CDB2E002FEAA8 = {
						CreatedOnToolsVersion = 13.3;
					};
					18F881F3283CDB33002FEAA8 = {
						CreatedOnToolsVersion = 13.3;
						TestTargetID = 18F881DA283CDB2E002FEAA8;
					};
					18F881FD283CDB33002FEAA8 = {
						CreatedOnToolsVersion = 13.3;
						TestTargetID = 18F881DA283CDB2E002FEAA8;
					};
				};
			};
			buildConfigurationList = 18F881D6283CDB2E002FEAA8 /* Build configuration list for PBXProject "DemoCustomFrameworkProject" */;
			compatibilityVersion = "Xcode 13.0";
			developmentRegion = en;
			hasScannedForEncodings = 0;
			knownRegions = (
				en,
				Base,
			);
			mainGroup = 18F881D2283CDB2E002FEAA8;
			productRefGroup = 18F881DC283CDB2E002FEAA8 /* Products */;
			projectDirPath = "";
			projectRoot = "";
			targets = (
				18F881DA283CDB2E002FEAA8 /* DemoCustomFrameworkProject */,
				18F881F3283CDB33002FEAA8 /* DemoCustomFrameworkProjectTests */,
				18F881FD283CDB33002FEAA8 /* DemoCustomFrameworkProjectUITests */,
			);
		};
/* End PBXProject section */

/* Begin PBXResourcesBuildPhase section */
		18F881D9283CDB2E002FEAA8 /* Resources */ = {
			isa = PBXResourcesBuildPhase;
			buildActionMask = 2147483647;
			files = (
				18F881EE283CDB32002FEAA8 /* LaunchScreen.storyboard in Resources */,
				18F881EB283CDB32002FEAA8 /* Assets.xcassets in Resources */,
				18F881E6283CDB2E002FEAA8 /* Main.storyboard in Resources */,
			);
			runOnlyForDeploymentPostprocessing = 0;
		};
		18F881F2283CDB33002FEAA8 /* Resources */ = {
			isa = PBXResourcesBuildPhase;
			buildActionMask = 2147483647;
			files = (
			);
			runOnlyForDeploymentPostprocessing = 0;
		};
		18F881FC283CDB33002FEAA8 /* Resources */ = {
			isa = PBXResourcesBuildPhase;
			buildActionMask = 2147483647;
			files = (
			);
			runOnlyForDeploymentPostprocessing = 0;
		};
/* End PBXResourcesBuildPhase section */

/* Begin PBXSourcesBuildPhase section */
		18F881D7283CDB2E002FEAA8 /* Sources */ = {
			isa = PBXSourcesBuildPhase;
			buildActionMask = 2147483647;
			files = (
				18F881E9283CDB2F002FEAA8 /* DemoCustomFrameworkProject.xcdatamodeld in Sources */,
				18F881E3283CDB2E002FEAA8 /* ViewController.swift in Sources */,
				18F881DF283CDB2E002FEAA8 /* AppDelegate.swift in Sources */,
				18F881E1283CDB2E002FEAA8 /* SceneDelegate.swift in Sources */,
			);
			runOnlyForDeploymentPostprocessing = 0;
		};
		18F881F0283CDB33002FEAA8 /* Sources */ = {
			isa = PBXSourcesBuildPhase;
			buildActionMask = 2147483647;
			files = (
				18F881F9283CDB33002FEAA8 /* DemoCustomFrameworkProjectTests.swift in Sources */,
			);
			runOnlyForDeploymentPostprocessing = 0;
		};
		18F881FA283CDB33002FEAA8 /* Sources */ = {
			isa = PBXSourcesBuildPhase;
			buildActionMask = 2147483647;
			files = (
				18F88203283CDB33002FEAA8 /* DemoCustomFrameworkProjectUITests.swift in Sources */,
				18F88205283CDB33002FEAA8 /* DemoCustomFrameworkProjectUITestsLaunchTests.swift in Sources */,
			);
			runOnlyForDeploymentPostprocessing = 0;
		};
/* End PBXSourcesBuildPhase section */

/* Begin PBXTargetDependency section */
		18F881F6283CDB33002FEAA8 /* PBXTargetDependency */ = {
			isa = PBXTargetDependency;
			target = 18F881DA283CDB2E002FEAA8 /* DemoCustomFrameworkProject */;
			targetProxy = 18F881F5283CDB33002FEAA8 /* PBXContainerItemProxy */;
		};
		18F88200283CDB33002FEAA8 /* PBXTargetDependency */ = {
			isa = PBXTargetDependency;
			target = 18F881DA283CDB2E002FEAA8 /* DemoCustomFrameworkProject */;
			targetProxy = 18F881FF283CDB33002FEAA8 /* PBXContainerItemProxy */;
		};
/* End PBXTargetDependency section */

/* Begin PBXVariantGroup section */
		18F881E4283CDB2E002FEAA8 /* Main.storyboard */ = {
			isa = PBXVariantGroup;
			children = (
				18F881E5283CDB2E002FEAA8 /* Base */,
			);
			name = Main.storyboard;
			sourceTree = "<group>";
		};
		18F881EC283CDB32002FEAA8 /* LaunchScreen.storyboard */ = {
			isa = PBXVariantGroup;
			children = (
				18F881ED283CDB32002FEAA8 /* Base */,
			);
			name = LaunchScreen.storyboard;
			sourceTree = "<group>";
		};
/* End PBXVariantGroup section */

/* Begin XCBuildConfiguration section */
		18F88206283CDB33002FEAA8 /* Debug */ = {
			isa = XCBuildConfiguration;
			buildSettings = {
				ALWAYS_SEARCH_USER_PATHS = NO;
				CLANG_ANALYZER_NONNULL = YES;
				CLANG_ANALYZER_NUMBER_OBJECT_CONVERSION = YES_AGGRESSIVE;
				CLANG_CXX_LANGUAGE_STANDARD = "gnu++17";
				CLANG_ENABLE_MODULES = YES;
				CLANG_ENABLE_OBJC_ARC = YES;
				CLANG_ENABLE_OBJC_WEAK = YES;
				CLANG_WARN_BLOCK_CAPTURE_AUTORELEASING = YES;
				CLANG_WARN_BOOL_CONVERSION = YES;
				CLANG_WARN_COMMA = YES;
				CLANG_WARN_CONSTANT_CONVERSION = YES;
				CLANG_WARN_DEPRECATED_OBJC_IMPLEMENTATIONS = YES;
				CLANG_WARN_DIRECT_OBJC_ISA_USAGE = YES_ERROR;
				CLANG_WARN_DOCUMENTATION_COMMENTS = YES;
				CLANG_WARN_EMPTY_BODY = YES;
				CLANG_WARN_ENUM_CONVERSION = YES;
				CLANG_WARN_INFINITE_RECURSION = YES;
				CLANG_WARN_INT_CONVERSION = YES;
				CLANG_WARN_NON_LITERAL_NULL_CONVERSION = YES;
				CLANG_WARN_OBJC_IMPLICIT_RETAIN_SELF = YES;
				CLANG_WARN_OBJC_LITERAL_CONVERSION = YES;
				CLANG_WARN_OBJC_ROOT_CLASS = YES_ERROR;
				CLANG_WARN_QUOTED_INCLUDE_IN_FRAMEWORK_HEADER = YES;
				CLANG_WARN_RANGE_LOOP_ANALYSIS = YES;
				CLANG_WARN_STRICT_PROTOTYPES = YES;
				CLANG_WARN_SUSPICIOUS_MOVE = YES;
				CLANG_WARN_UNGUARDED_AVAILABILITY = YES_AGGRESSIVE;
				CLANG_WARN_UNREACHABLE_CODE = YES;
				CLANG_WARN__DUPLICATE_METHOD_MATCH = YES;
				COPY_PHASE_STRIP = NO;
				DEBUG_INFORMATION_FORMAT = dwarf;
				ENABLE_STRICT_OBJC_MSGSEND = YES;
				ENABLE_TESTABILITY = YES;
				GCC_C_LANGUAGE_STANDARD = gnu11;
				GCC_DYNAMIC_NO_PIC = NO;
				GCC_NO_COMMON_BLOCKS = YES;
				GCC_OPTIMIZATION_LEVEL = 0;
				GCC_PREPROCESSOR_DEFINITIONS = (
					"DEBUG=1",
					"$(inherited)",
				);
				GCC_WARN_64_TO_32_BIT_CONVERSION = YES;
				GCC_WARN_ABOUT_RETURN_TYPE = YES_ERROR;
				GCC_WARN_UNDECLARED_SELECTOR = YES;
				GCC_WARN_UNINITIALIZED_AUTOS = YES_AGGRESSIVE;
				GCC_WARN_UNUSED_FUNCTION = YES;
				GCC_WARN_UNUSED_VARIABLE = YES;
				IPHONEOS_DEPLOYMENT_TARGET = 15.4;
				MTL_ENABLE_DEBUG_INFO = INCLUDE_SOURCE;
				MTL_FAST_MATH = YES;
				ONLY_ACTIVE_ARCH = YES;
				SDKROOT = iphoneos;
				SWIFT_ACTIVE_COMPILATION_CONDITIONS = DEBUG;
				SWIFT_OPTIMIZATION_LEVEL = "-Onone";
			};
			name = Debug;
		};
		18F88207283CDB33002FEAA8 /* Release */ = {
			isa = XCBuildConfiguration;
			buildSettings = {
				ALWAYS_SEARCH_USER_PATHS = NO;
				CLANG_ANALYZER_NONNULL = YES;
				CLANG_ANALYZER_NUMBER_OBJECT_CONVERSION = YES_AGGRESSIVE;
				CLANG_CXX_LANGUAGE_STANDARD = "gnu++17";
				CLANG_ENABLE_MODULES = YES;
				CLANG_ENABLE_OBJC_ARC = YES;
				CLANG_ENABLE_OBJC_WEAK = YES;
				CLANG_WARN_BLOCK_CAPTURE_AUTORELEASING = YES;
				CLANG_WARN_BOOL_CONVERSION = YES;
				CLANG_WARN_COMMA = YES;
				CLANG_WARN_CONSTANT_CONVERSION = YES;
				CLANG_WARN_DEPRECATED_OBJC_IMPLEMENTATIONS = YES;
				CLANG_WARN_DIRECT_OBJC_ISA_USAGE = YES_ERROR;
				CLANG_WARN_DOCUMENTATION_COMMENTS = YES;
				CLANG_WARN_EMPTY_BODY = YES;
				CLANG_WARN_ENUM_CONVERSION = YES;
				CLANG_WARN_INFINITE_RECURSION = YES;
				CLANG_WARN_INT_CONVERSION = YES;
				CLANG_WARN_NON_LITERAL_NULL_CONVERSION = YES;
				CLANG_WARN_OBJC_IMPLICIT_RETAIN_SELF = YES;
				CLANG_WARN_OBJC_LITERAL_CONVERSION = YES;
				CLANG_WARN_OBJC_ROOT_CLASS = YES_ERROR;
				CLANG_WARN_QUOTED_INCLUDE_IN_FRAMEWORK_HEADER = YES;
				CLANG_WARN_RANGE_LOOP_ANALYSIS = YES;
				CLANG_WARN_STRICT_PROTOTYPES = YES;
				CLANG_WARN_SUSPICIOUS_MOVE = YES;
				CLANG_WARN_UNGUARDED_AVAILABILITY = YES_AGGRESSIVE;
				CLANG_WARN_UNREACHABLE_CODE = YES;
				CLANG_WARN__DUPLICATE_METHOD_MATCH = YES;
				COPY_PHASE_STRIP = NO;
				DEBUG_INFORMATION_FORMAT = "dwarf-with-dsym";
				ENABLE_NS_ASSERTIONS = NO;
				ENABLE_STRICT_OBJC_MSGSEND = YES;
				GCC_C_LANGUAGE_STANDARD = gnu11;
				GCC_NO_COMMON_BLOCKS = YES;
				GCC_WARN_64_TO_32_BIT_CONVERSION = YES;
				GCC_WARN_ABOUT_RETURN_TYPE = YES_ERROR;
				GCC_WARN_UNDECLARED_SELECTOR = YES;
				GCC_WARN_UNINITIALIZED_AUTOS = YES_AGGRESSIVE;
				GCC_WARN_UNUSED_FUNCTION = YES;
				GCC_WARN_UNUSED_VARIABLE = YES;
				IPHONEOS_DEPLOYMENT_TARGET = 15.4;
				MTL_ENABLE_DEBUG_INFO = NO;
				MTL_FAST_MATH = YES;
				SDKROOT = iphoneos;
				SWIFT_COMPILATION_MODE = wholemodule;
				SWIFT_OPTIMIZATION_LEVEL = "-O";
				VALIDATE_PRODUCT = YES;
			};
			name = Release;
		};
		18F88209283CDB33002FEAA8 /* Debug */ = {
			isa = XCBuildConfiguration;
			buildSettings = {
				ASSETCATALOG_COMPILER_APPICON_NAME = AppIcon;
				ASSETCATALOG_COMPILER_GLOBAL_ACCENT_COLOR_NAME = AccentColor;
				CODE_SIGN_STYLE = Automatic;
				CURRENT_PROJECT_VERSION = 1;
				DEVELOPMENT_TEAM = 78Y4SLAMYU;
				GENERATE_INFOPLIST_FILE = YES;
				INFOPLIST_FILE = DemoCustomFrameworkProject/Info.plist;
				INFOPLIST_KEY_UIApplicationSupportsIndirectInputEvents = YES;
				INFOPLIST_KEY_UILaunchStoryboardName = LaunchScreen;
				INFOPLIST_KEY_UIMainStoryboardFile = Main;
				INFOPLIST_KEY_UISupportedInterfaceOrientations_iPad = "UIInterfaceOrientationPortrait UIInterfaceOrientationPortraitUpsideDown UIInterfaceOrientationLandscapeLeft UIInterfaceOrientationLandscapeRight";
				INFOPLIST_KEY_UISupportedInterfaceOrientations_iPhone = "UIInterfaceOrientationPortrait UIInterfaceOrientationLandscapeLeft UIInterfaceOrientationLandscapeRight";
				LD_RUNPATH_SEARCH_PATHS = (
					"$(inherited)",
					"@executable_path/Frameworks",
				);
				MARKETING_VERSION = 1.0;
				PRODUCT_BUNDLE_IDENTIFIER = Kruti.DemoCustomFrameworkProject;
				PRODUCT_NAME = "$(TARGET_NAME)";
				SWIFT_EMIT_LOC_STRINGS = YES;
				SWIFT_VERSION = 5.0;
				TARGETED_DEVICE_FAMILY = "1,2";
			};
			name = Debug;
		};
		18F8820A283CDB33002FEAA8 /* Release */ = {
			isa = XCBuildConfiguration;
			buildSettings = {
				ASSETCATALOG_COMPILER_APPICON_NAME = AppIcon;
				ASSETCATALOG_COMPILER_GLOBAL_ACCENT_COLOR_NAME = AccentColor;
				CODE_SIGN_STYLE = Automatic;
				CURRENT_PROJECT_VERSION = 1;
				DEVELOPMENT_TEAM = 78Y4SLAMYU;
				GENERATE_INFOPLIST_FILE = YES;
				INFOPLIST_FILE = DemoCustomFrameworkProject/Info.plist;
				INFOPLIST_KEY_UIApplicationSupportsIndirectInputEvents = YES;
				INFOPLIST_KEY_UILaunchStoryboardName = LaunchScreen;
				INFOPLIST_KEY_UIMainStoryboardFile = Main;
				INFOPLIST_KEY_UISupportedInterfaceOrientations_iPad = "UIInterfaceOrientationPortrait UIInterfaceOrientationPortraitUpsideDown UIInterfaceOrientationLandscapeLeft UIInterfaceOrientationLandscapeRight";
				INFOPLIST_KEY_UISupportedInterfaceOrientations_iPhone = "UIInterfaceOrientationPortrait UIInterfaceOrientationLandscapeLeft UIInterfaceOrientationLandscapeRight";
				LD_RUNPATH_SEARCH_PATHS = (
					"$(inherited)",
					"@executable_path/Frameworks",
				);
				MARKETING_VERSION = 1.0;
				PRODUCT_BUNDLE_IDENTIFIER = Kruti.DemoCustomFrameworkProject;
				PRODUCT_NAME = "$(TARGET_NAME)";
				SWIFT_EMIT_LOC_STRINGS = YES;
				SWIFT_VERSION = 5.0;
				TARGETED_DEVICE_FAMILY = "1,2";
			};
			name = Release;
		};
		18F8820C283CDB33002FEAA8 /* Debug */ = {
			isa = XCBuildConfiguration;
			buildSettings = {
				ALWAYS_EMBED_SWIFT_STANDARD_LIBRARIES = YES;
				BUNDLE_LOADER = "$(TEST_HOST)";
				CODE_SIGN_STYLE = Automatic;
				CURRENT_PROJECT_VERSION = 1;
				DEVELOPMENT_TEAM = 78Y4SLAMYU;
				GENERATE_INFOPLIST_FILE = YES;
				IPHONEOS_DEPLOYMENT_TARGET = 15.4;
				MARKETING_VERSION = 1.0;
				PRODUCT_BUNDLE_IDENTIFIER = Kruti.DemoCustomFrameworkProjectTests;
				PRODUCT_NAME = "$(TARGET_NAME)";
				SWIFT_EMIT_LOC_STRINGS = NO;
				SWIFT_VERSION = 5.0;
				TARGETED_DEVICE_FAMILY = "1,2";
				TEST_HOST = "$(BUILT_PRODUCTS_DIR)/DemoCustomFrameworkProject.app/DemoCustomFrameworkProject";
			};
			name = Debug;
		};
		18F8820D283CDB33002FEAA8 /* Release */ = {
			isa = XCBuildConfiguration;
			buildSettings = {
				ALWAYS_EMBED_SWIFT_STANDARD_LIBRARIES = YES;
				BUNDLE_LOADER = "$(TEST_HOST)";
				CODE_SIGN_STYLE = Automatic;
				CURRENT_PROJECT_VERSION = 1;
				DEVELOPMENT_TEAM = 78Y4SLAMYU;
				GENERATE_INFOPLIST_FILE = YES;
				IPHONEOS_DEPLOYMENT_TARGET = 15.4;
				MARKETING_VERSION = 1.0;
				PRODUCT_BUNDLE_IDENTIFIER = Kruti.DemoCustomFrameworkProjectTests;
				PRODUCT_NAME = "$(TARGET_NAME)";
				SWIFT_EMIT_LOC_STRINGS = NO;
				SWIFT_VERSION = 5.0;
				TARGETED_DEVICE_FAMILY = "1,2";
				TEST_HOST = "$(BUILT_PRODUCTS_DIR)/DemoCustomFrameworkProject.app/DemoCustomFrameworkProject";
			};
			name = Release;
		};
		18F8820F283CDB33002FEAA8 /* Debug */ = {
			isa = XCBuildConfiguration;
			buildSettings = {
				ALWAYS_EMBED_SWIFT_STANDARD_LIBRARIES = YES;
				CODE_SIGN_STYLE = Automatic;
				CURRENT_PROJECT_VERSION = 1;
				DEVELOPMENT_TEAM = 78Y4SLAMYU;
				GENERATE_INFOPLIST_FILE = YES;
				MARKETING_VERSION = 1.0;
				PRODUCT_BUNDLE_IDENTIFIER = Kruti.DemoCustomFrameworkProjectUITests;
				PRODUCT_NAME = "$(TARGET_NAME)";
				SWIFT_EMIT_LOC_STRINGS = NO;
				SWIFT_VERSION = 5.0;
				TARGETED_DEVICE_FAMILY = "1,2";
				TEST_TARGET_NAME = DemoCustomFrameworkProject;
			};
			name = Debug;
		};
		18F88210283CDB33002FEAA8 /* Release */ = {
			isa = XCBuildConfiguration;
			buildSettings = {
				ALWAYS_EMBED_SWIFT_STANDARD_LIBRARIES = YES;
				CODE_SIGN_STYLE = Automatic;
				CURRENT_PROJECT_VERSION = 1;
				DEVELOPMENT_TEAM = 78Y4SLAMYU;
				GENERATE_INFOPLIST_FILE = YES;
				MARKETING_VERSION = 1.0;
				PRODUCT_BUNDLE_IDENTIFIER = Kruti.DemoCustomFrameworkProjectUITests;
				PRODUCT_NAME = "$(TARGET_NAME)";
				SWIFT_EMIT_LOC_STRINGS = NO;
				SWIFT_VERSION = 5.0;
				TARGETED_DEVICE_FAMILY = "1,2";
				TEST_TARGET_NAME = DemoCustomFrameworkProject;
			};
			name = Release;
		};
/* End XCBuildConfiguration section */

/* Begin XCConfigurationList section */
		18F881D6283CDB2E002FEAA8 /* Build configuration list for PBXProject "DemoCustomFrameworkProject" */ = {
			isa = XCConfigurationList;
			buildConfigurations = (
				18F88206283CDB33002FEAA8 /* Debug */,
				18F88207283CDB33002FEAA8 /* Release */,
			);
			defaultConfigurationIsVisible = 0;
			defaultConfigurationName = Release;
		};
		18F88208283CDB33002FEAA8 /* Build configuration list for PBXNativeTarget "DemoCustomFrameworkProject" */ = {
			isa = XCConfigurationList;
			buildConfigurations = (
				18F88209283CDB33002FEAA8 /* Debug */,
				18F8820A283CDB33002FEAA8 /* Release */,
			);
			defaultConfigurationIsVisible = 0;
			defaultConfigurationName = Release;
		};
		18F8820B283CDB33002FEAA8 /* Build configuration list for PBXNativeTarget "DemoCustomFrameworkProjectTests" */ = {
			isa = XCConfigurationList;
			buildConfigurations = (
				18F8820C283CDB33002FEAA8 /* Debug */,
				18F8820D283CDB33002FEAA8 /* Release */,
			);
			defaultConfigurationIsVisible = 0;
			defaultConfigurationName = Release;
		};
		18F8820E283CDB33002FEAA8 /* Build configuration list for PBXNativeTarget "DemoCustomFrameworkProjectUITests" */ = {
			isa = XCConfigurationList;
			buildConfigurations = (
				18F8820F283CDB33002FEAA8 /* Debug */,
				18F88210283CDB33002FEAA8 /* Release */,
			);
			defaultConfigurationIsVisible = 0;
			defaultConfigurationName = Release;
		};
/* End XCConfigurationList section */

/* Begin XCVersionGroup section */
		18F881E7283CDB2F002FEAA8 /* DemoCustomFrameworkProject.xcdatamodeld */ = {
			isa = XCVersionGroup;
			children = (
				18F881E8283CDB2F002FEAA8 /* DemoCustomFrameworkProject.xcdatamodel */,
			);
			currentVersion = 18F881E8283CDB2F002FEAA8 /* DemoCustomFrameworkProject.xcdatamodel */;
			path = DemoCustomFrameworkProject.xcdatamodeld;
			sourceTree = "<group>";
			versionGroupType = wrapper.xcdatamodel;
		};
/* End XCVersionGroup section */
	};
	rootObject = 18F881D3283CDB2E002FEAA8 /* Project object */;
}
